// !$*UTF8*$!
{
	archiveVersion = 1;
	classes = {
	};
	objectVersion = 50;
	objects = {

/* Begin PBXBuildFile section */
		1EF22B442116D09100321CE1 /* AppDelegate.swift in Sources */ = {isa = PBXBuildFile; fileRef = 1EF22B432116D09100321CE1 /* AppDelegate.swift */; };
		1EF22B462116D09100321CE1 /* ViewController.swift in Sources */ = {isa = PBXBuildFile; fileRef = 1EF22B452116D09100321CE1 /* ViewController.swift */; };
		1EF22B492116D09100321CE1 /* Main.storyboard in Resources */ = {isa = PBXBuildFile; fileRef = 1EF22B472116D09100321CE1 /* Main.storyboard */; };
		1EF22B4B2116D09200321CE1 /* Assets.xcassets in Resources */ = {isa = PBXBuildFile; fileRef = 1EF22B4A2116D09200321CE1 /* Assets.xcassets */; };
		1EF22B4E2116D09200321CE1 /* LaunchScreen.storyboard in Resources */ = {isa = PBXBuildFile; fileRef = 1EF22B4C2116D09200321CE1 /* LaunchScreen.storyboard */; };
		1EF22B562116D41500321CE1 /* lightsabaer-sound.zip in Resources */ = {isa = PBXBuildFile; fileRef = 1EF22B552116D41500321CE1 /* lightsabaer-sound.zip */; };
		1EF22B582116D48A00321CE1 /* light_saber3.mp3 in Resources */ = {isa = PBXBuildFile; fileRef = 1EF22B572116D48A00321CE1 /* light_saber3.mp3 */; };
		1EF22B5A2116E61000321CE1 /* light_saber1.mp3 in Resources */ = {isa = PBXBuildFile; fileRef = 1EF22B592116E61000321CE1 /* light_saber1.mp3 */; };
/* End PBXBuildFile section */

/* Begin PBXFileReference section */
		1EF22B402116D09100321CE1 /* ライトセーバー.app */ = {isa = PBXFileReference; explicitFileType = wrapper.application; includeInIndex = 0; path = "ライトセーバー.app"; sourceTree = BUILT_PRODUCTS_DIR; };
		1EF22B432116D09100321CE1 /* AppDelegate.swift */ = {isa = PBXFileReference; lastKnownFileType = sourcecode.swift; path = AppDelegate.swift; sourceTree = "<group>"; };
		1EF22B452116D09100321CE1 /* ViewController.swift */ = {isa = PBXFileReference; lastKnownFileType = sourcecode.swift; path = ViewController.swift; sourceTree = "<group>"; };
		1EF22B482116D09100321CE1 /* Base */ = {isa = PBXFileReference; lastKnownFileType = file.storyboard; name = Base; path = Base.lproj/Main.storyboard; sourceTree = "<group>"; };
		1EF22B4A2116D09200321CE1 /* Assets.xcassets */ = {isa = PBXFileReference; lastKnownFileType = folder.assetcatalog; path = Assets.xcassets; sourceTree = "<group>"; };
		1EF22B4D2116D09200321CE1 /* Base */ = {isa = PBXFileReference; lastKnownFileType = file.storyboard; name = Base; path = Base.lproj/LaunchScreen.storyboard; sourceTree = "<group>"; };
		1EF22B4F2116D09200321CE1 /* Info.plist */ = {isa = PBXFileReference; lastKnownFileType = text.plist.xml; path = Info.plist; sourceTree = "<group>"; };
		1EF22B552116D41500321CE1 /* lightsabaer-sound.zip */ = {isa = PBXFileReference; lastKnownFileType = archive.zip; name = "lightsabaer-sound.zip"; path = "../../Downloads/lightsabaer-sound.zip"; sourceTree = "<group>"; };
		1EF22B572116D48A00321CE1 /* light_saber3.mp3 */ = {isa = PBXFileReference; lastKnownFileType = audio.mp3; name = light_saber3.mp3; path = ../../Downloads/sound/light_saber3.mp3; sourceTree = "<group>"; };
		1EF22B592116E61000321CE1 /* light_saber1.mp3 */ = {isa = PBXFileReference; lastKnownFileType = audio.mp3; path = light_saber1.mp3; sourceTree = "<group>"; };
/* End PBXFileReference section */

/* Begin PBXFrameworksBuildPhase section */
		1EF22B3D2116D09100321CE1 /* Frameworks */ = {
			isa = PBXFrameworksBuildPhase;
			buildActionMask = 2147483647;
			files = (
			);
			runOnlyForDeploymentPostprocessing = 0;
		};
/* End PBXFrameworksBuildPhase section */

/* Begin PBXGroup section */
		1EF22B372116D09000321CE1 = {
			isa = PBXGroup;
			children = (
				1EF22B592116E61000321CE1 /* light_saber1.mp3 */,
				1EF22B572116D48A00321CE1 /* light_saber3.mp3 */,
				1EF22B552116D41500321CE1 /* lightsabaer-sound.zip */,
				1EF22B422116D09100321CE1 /* ライトセーバー */,
				1EF22B412116D09100321CE1 /* Products */,
			);
			sourceTree = "<group>";
		};
		1EF22B412116D09100321CE1 /* Products */ = {
			isa = PBXGroup;
			children = (
				1EF22B402116D09100321CE1 /* ライトセーバー.app */,
			);
			name = Products;
			sourceTree = "<group>";
		};
		1EF22B422116D09100321CE1 /* ライトセーバー */ = {
			isa = PBXGroup;
			children = (
				1EF22B432116D09100321CE1 /* AppDelegate.swift */,
				1EF22B452116D09100321CE1 /* ViewController.swift */,
				1EF22B472116D09100321CE1 /* Main.storyboard */,
				1EF22B4A2116D09200321CE1 /* Assets.xcassets */,
				1EF22B4C2116D09200321CE1 /* LaunchScreen.storyboard */,
				1EF22B4F2116D09200321CE1 /* Info.plist */,
			);
			path = "ライトセーバー";
			sourceTree = "<group>";
		};
/* End PBXGroup section */

/* Begin PBXNativeTarget section */
		1EF22B3F2116D09100321CE1 /* ライトセーバー */ = {
			isa = PBXNativeTarget;
			buildConfigurationList = 1EF22B522116D09200321CE1 /* Build configuration list for PBXNativeTarget "ライトセーバー" */;
			buildPhases = (
				1EF22B3C2116D09100321CE1 /* Sources */,
				1EF22B3D2116D09100321CE1 /* Frameworks */,
				1EF22B3E2116D09100321CE1 /* Resources */,
			);
			buildRules = (
			);
			dependencies = (
			);
			name = "ライトセーバー";
			productName = "ライトセーバー";
			productReference = 1EF22B402116D09100321CE1 /* ライトセーバー.app */;
			productType = "com.apple.product-type.application";
		};
/* End PBXNativeTarget section */

/* Begin PBXProject section */
		1EF22B382116D09000321CE1 /* Project object */ = {
			isa = PBXProject;
			attributes = {
				LastSwiftUpdateCheck = 0940;
				LastUpgradeCheck = 0940;
				ORGANIZATIONNAME = abcd;
				TargetAttributes = {
					1EF22B3F2116D09100321CE1 = {
						CreatedOnToolsVersion = 9.4.1;
					};
				};
			};
			buildConfigurationList = 1EF22B3B2116D09000321CE1 /* Build configuration list for PBXProject "ライトセーバー" */;
			compatibilityVersion = "Xcode 9.3";
			developmentRegion = en;
			hasScannedForEncodings = 0;
			knownRegions = (
				en,
				Base,
			);
			mainGroup = 1EF22B372116D09000321CE1;
			productRefGroup = 1EF22B412116D09100321CE1 /* Products */;
			projectDirPath = "";
			projectRoot = "";
			targets = (
				1EF22B3F2116D09100321CE1 /* ライトセーバー */,
			);
		};
/* End PBXProject section */

/* Begin PBXResourcesBuildPhase section */
		1EF22B3E2116D09100321CE1 /* Resources */ = {
			isa = PBXResourcesBuildPhase;
			buildActionMask = 2147483647;
			files = (
				1EF22B4E2116D09200321CE1 /* LaunchScreen.storyboard in Resources */,
				1EF22B582116D48A00321CE1 /* light_saber3.mp3 in Resources */,
				1EF22B4B2116D09200321CE1 /* Assets.xcassets in Resources */,
				1EF22B5A2116E61000321CE1 /* light_saber1.mp3 in Resources */,
				1EF22B562116D41500321CE1 /* lightsabaer-sound.zip in Resources */,
				1EF22B492116D09100321CE1 /* Main.storyboard in Resources */,
			);
			runOnlyForDeploymentPostprocessing = 0;
		};
/* End PBXResourcesBuildPhase section */

/* Begin PBXSourcesBuildPhase section */
		1EF22B3C2116D09100321CE1 /* Sources */ = {
			isa = PBXSourcesBuildPhase;
			buildActionMask = 2147483647;
			files = (
				1EF22B462116D09100321CE1 /* ViewController.swift in Sources */,
				1EF22B442116D09100321CE1 /* AppDelegate.swift in Sources */,
			);
			runOnlyForDeploymentPostprocessing = 0;
		};
/* End PBXSourcesBuildPhase section */

/* Begin PBXVariantGroup section */
		1EF22B472116D09100321CE1 /* Main.storyboard */ = {
			isa = PBXVariantGroup;
			children = (
				1EF22B482116D09100321CE1 /* Base */,
			);
			name = Main.storyboard;
			sourceTree = "<group>";
		};
		1EF22B4C2116D09200321CE1 /* LaunchScreen.storyboard */ = {
			isa = PBXVariantGroup;
			children = (
				1EF22B4D2116D09200321CE1 /* Base */,
			);
			name = LaunchScreen.storyboard;
			sourceTree = "<group>";
		};
/* End PBXVariantGroup section */

/* Begin XCBuildConfiguration section */
		1EF22B502116D09200321CE1 /* Debug */ = {
			isa = XCBuildConfiguration;
			buildSettings = {
				ALWAYS_SEARCH_USER_PATHS = NO;
				CLANG_ANALYZER_NONNULL = YES;
				CLANG_ANALYZER_NUMBER_OBJECT_CONVERSION = YES_AGGRESSIVE;
				CLANG_CXX_LANGUAGE_STANDARD = "gnu++14";
				CLANG_CXX_LIBRARY = "libc++";
				CLANG_ENABLE_MODULES = YES;
				CLANG_ENABLE_OBJC_ARC = YES;
				CLANG_ENABLE_OBJC_WEAK = YES;
				CLANG_WARN_BLOCK_CAPTURE_AUTORELEASING = YES;
				CLANG_WARN_BOOL_CONVERSION = YES;
				CLANG_WARN_COMMA = YES;
				CLANG_WARN_CONSTANT_CONVERSION = YES;
				CLANG_WARN_DEPRECATED_OBJC_IMPLEMENTATIONS = YES;
				CLANG_WARN_DIRECT_OBJC_ISA_USAGE = YES_ERROR;
				CLANG_WARN_DOCUMENTATION_COMMENTS = YES;
				CLANG_WARN_EMPTY_BODY = YES;
				CLANG_WARN_ENUM_CONVERSION = YES;
				CLANG_WARN_INFINITE_RECURSION = YES;
				CLANG_WARN_INT_CONVERSION = YES;
				CLANG_WARN_NON_LITERAL_NULL_CONVERSION = YES;
				CLANG_WARN_OBJC_IMPLICIT_RETAIN_SELF = YES;
				CLANG_WARN_OBJC_LITERAL_CONVERSION = YES;
				CLANG_WARN_OBJC_ROOT_CLASS = YES_ERROR;
				CLANG_WARN_RANGE_LOOP_ANALYSIS = YES;
				CLANG_WARN_STRICT_PROTOTYPES = YES;
				CLANG_WARN_SUSPICIOUS_MOVE = YES;
				CLANG_WARN_UNGUARDED_AVAILABILITY = YES_AGGRESSIVE;
				CLANG_WARN_UNREACHABLE_CODE = YES;
				CLANG_WARN__DUPLICATE_METHOD_MATCH = YES;
				CODE_SIGN_IDENTITY = "iPhone Developer";
				COPY_PHASE_STRIP = NO;
				DEBUG_INFORMATION_FORMAT = dwarf;
				ENABLE_STRICT_OBJC_MSGSEND = YES;
				ENABLE_TESTABILITY = YES;
				GCC_C_LANGUAGE_STANDARD = gnu11;
				GCC_DYNAMIC_NO_PIC = NO;
				GCC_NO_COMMON_BLOCKS = YES;
				GCC_OPTIMIZATION_LEVEL = 0;
				GCC_PREPROCESSOR_DEFINITIONS = (
					"DEBUG=1",
					"$(inherited)",
				);
				GCC_WARN_64_TO_32_BIT_CONVERSION = YES;
				GCC_WARN_ABOUT_RETURN_TYPE = YES_ERROR;
				GCC_WARN_UNDECLARED_SELECTOR = YES;
				GCC_WARN_UNINITIALIZED_AUTOS = YES_AGGRESSIVE;
				GCC_WARN_UNUSED_FUNCTION = YES;
				GCC_WARN_UNUSED_VARIABLE = YES;
				IPHONEOS_DEPLOYMENT_TARGET = 11.4;
				MTL_ENABLE_DEBUG_INFO = YES;
				ONLY_ACTIVE_ARCH = YES;
				SDKROOT = iphoneos;
				SWIFT_ACTIVE_COMPILATION_CONDITIONS = DEBUG;
				SWIFT_OPTIMIZATION_LEVEL = "-Onone";
			};
			name = Debug;
		};
		1EF22B512116D09200321CE1 /* Release */ = {
			isa = XCBuildConfiguration;
			buildSettings = {
				ALWAYS_SEARCH_USER_PATHS = NO;
				CLANG_ANALYZER_NONNULL = YES;
				CLANG_ANALYZER_NUMBER_OBJECT_CONVERSION = YES_AGGRESSIVE;
				CLANG_CXX_LANGUAGE_STANDARD = "gnu++14";
				CLANG_CXX_LIBRARY = "libc++";
				CLANG_ENABLE_MODULES = YES;
				CLANG_ENABLE_OBJC_ARC = YES;
				CLANG_ENABLE_OBJC_WEAK = YES;
				CLANG_WARN_BLOCK_CAPTURE_AUTORELEASING = YES;
				CLANG_WARN_BOOL_CONVERSION = YES;
				CLANG_WARN_COMMA = YES;
				CLANG_WARN_CONSTANT_CONVERSION = YES;
				CLANG_WARN_DEPRECATED_OBJC_IMPLEMENTATIONS = YES;
				CLANG_WARN_DIRECT_OBJC_ISA_USAGE = YES_ERROR;
				CLANG_WARN_DOCUMENTATION_COMMENTS = YES;
				CLANG_WARN_EMPTY_BODY = YES;
				CLANG_WARN_ENUM_CONVERSION = YES;
				CLANG_WARN_INFINITE_RECURSION = YES;
				CLANG_WARN_INT_CONVERSION = YES;
				CLANG_WARN_NON_LITERAL_NULL_CONVERSION = YES;
				CLANG_WARN_OBJC_IMPLICIT_RETAIN_SELF = YES;
				CLANG_WARN_OBJC_LITERAL_CONVERSION = YES;
				CLANG_WARN_OBJC_ROOT_CLASS = YES_ERROR;
				CLANG_WARN_RANGE_LOOP_ANALYSIS = YES;
				CLANG_WARN_STRICT_PROTOTYPES = YES;
				CLANG_WARN_SUSPICIOUS_MOVE = YES;
				CLANG_WARN_UNGUARDED_AVAILABILITY = YES_AGGRESSIVE;
				CLANG_WARN_UNREACHABLE_CODE = YES;
				CLANG_WARN__DUPLICATE_METHOD_MATCH = YES;
				CODE_SIGN_IDENTITY = "iPhone Developer";
				COPY_PHASE_STRIP = NO;
				DEBUG_INFORMATION_FORMAT = "dwarf-with-dsym";
				ENABLE_NS_ASSERTIONS = NO;
				ENABLE_STRICT_OBJC_MSGSEND = YES;
				GCC_C_LANGUAGE_STANDARD = gnu11;
				GCC_NO_COMMON_BLOCKS = YES;
				GCC_WARN_64_TO_32_BIT_CONVERSION = YES;
				GCC_WARN_ABOUT_RETURN_TYPE = YES_ERROR;
				GCC_WARN_UNDECLARED_SELECTOR = YES;
				GCC_WARN_UNINITIALIZED_AUTOS = YES_AGGRESSIVE;
				GCC_WARN_UNUSED_FUNCTION = YES;
				GCC_WARN_UNUSED_VARIABLE = YES;
				IPHONEOS_DEPLOYMENT_TARGET = 11.4;
				MTL_ENABLE_DEBUG_INFO = NO;
				SDKROOT = iphoneos;
				SWIFT_COMPILATION_MODE = wholemodule;
				SWIFT_OPTIMIZATION_LEVEL = "-O";
				VALIDATE_PRODUCT = YES;
			};
			name = Release;
		};
		1EF22B532116D09200321CE1 /* Debug */ = {
			isa = XCBuildConfiguration;
			buildSettings = {
				ASSETCATALOG_COMPILER_APPICON_NAME = AppIcon;
				CODE_SIGN_STYLE = Automatic;
				DEVELOPMENT_TEAM = 7J3L6F633X;
				INFOPLIST_FILE = "ライトセーバー/Info.plist";
				LD_RUNPATH_SEARCH_PATHS = (
					"$(inherited)",
					"@executable_path/Frameworks",
				);
				PRODUCT_BUNDLE_IDENTIFIER = "jp.co.nowall4.--------";
				PRODUCT_NAME = "$(TARGET_NAME)";
				SWIFT_VERSION = 4.0;
				TARGETED_DEVICE_FAMILY = "1,2";
			};
			name = Debug;
		};
		1EF22B542116D09200321CE1 /* Release */ = {
			isa = XCBuildConfiguration;
			buildSettings = {
				ASSETCATALOG_COMPILER_APPICON_NAME = AppIcon;
				CODE_SIGN_STYLE = Automatic;
				DEVELOPMENT_TEAM = 7J3L6F633X;
				INFOPLIST_FILE = "ライトセーバー/Info.plist";
				LD_RUNPATH_SEARCH_PATHS = (
					"$(inherited)",
					"@executable_path/Frameworks",
				);
				PRODUCT_BUNDLE_IDENTIFIER = "jp.co.nowall4.--------";
				PRODUCT_NAME = "$(TARGET_NAME)";
				SWIFT_VERSION = 4.0;
				TARGETED_DEVICE_FAMILY = "1,2";
			};
			name = Release;
		};
/* End XCBuildConfiguration section */

/* Begin XCConfigurationList section */
		1EF22B3B2116D09000321CE1 /* Build configuration list for PBXProject "ライトセーバー" */ = {
			isa = XCConfigurationList;
			buildConfigurations = (
				1EF22B502116D09200321CE1 /* Debug */,
				1EF22B512116D09200321CE1 /* Release */,
			);
			defaultConfigurationIsVisible = 0;
			defaultConfigurationName = Release;
		};
		1EF22B522116D09200321CE1 /* Build configuration list for PBXNativeTarget "ライトセーバー" */ = {
			isa = XCConfigurationList;
			buildConfigurations = (
				1EF22B532116D09200321CE1 /* Debug */,
				1EF22B542116D09200321CE1 /* Release */,
			);
			defaultConfigurationIsVisible = 0;
			defaultConfigurationName = Release;
		};
/* End XCConfigurationList section */
	};
	rootObject = 1EF22B382116D09000321CE1 /* Project object */;
}
